
Microsoft Visual Studio Solution File, Format Version 12.00
Project("{FAE04EC0-301F-11D3-BF4B-00C04F79EFBC}") = "LowCortisol.Platform.API", "LowCortisol.Platform.API\LowCortisol.Platform.API.csproj", "{329FE0A3-301D-437F-8D5A-04D1EC2EBADB}"
EndProject
Global
	GlobalSection(SolutionConfigurationPlatforms) = preSolution
		Debug|Any CPU = Debug|Any CPU
		Release|Any CPU = Release|Any CPU
	EndGlobalSection
	GlobalSection(ProjectConfigurationPlatforms) = postSolution
		{329FE0A3-301D-437F-8D5A-04D1EC2EBADB}.Debug|Any CPU.ActiveCfg = Debug|Any CPU
		{329FE0A3-301D-437F-8D5A-04D1EC2EBADB}.Debug|Any CPU.Build.0 = Debug|Any CPU
		{329FE0A3-301D-437F-8D5A-04D1EC2EBADB}.Release|Any CPU.ActiveCfg = Release|Any CPU
		{329FE0A3-301D-437F-8D5A-04D1EC2EBADB}.Release|Any CPU.Build.0 = Release|Any CPU
	EndGlobalSection
EndGlobal
